
Microsoft Visual Studio Solution File, Format Version 12.00
# Visual Studio Version 17
VisualStudioVersion = 17.2.32616.157
MinimumVisualStudioVersion = 10.0.40219.1
Project("{9A19103F-16F7-4668-BE54-9A1E7A4F7556}") = "ClassLibrary1", "ClassLibrary1\ClassLibrary1.csproj", "{1D8A4452-63B8-4FA8-81A1-7EEF636E8D84}"
EndProject
Project("{9A19103F-16F7-4668-BE54-9A1E7A4F7556}") = "NET6", "NET6\NET6.csproj", "{363B3FBD-1532-418F-AD76-5DB01A48966A}"
EndProject
Project("{FAE04EC0-301F-11D3-BF4B-00C04F79EFBC}") = "ParallelTest", "ParallelTest\ParallelTest.csproj", "{AA63A89B-ACC6-44FF-BB3D-70028F968343}"
EndProject
Global
	GlobalSection(SolutionConfigurationPlatforms) = preSolution
		Debug|Any CPU = Debug|Any CPU
		Release|Any CPU = Release|Any CPU
	EndGlobalSection
	GlobalSection(ProjectConfigurationPlatforms) = postSolution
		{1D8A4452-63B8-4FA8-81A1-7EEF636E8D84}.Debug|Any CPU.ActiveCfg = Debug|Any CPU
		{1D8A4452-63B8-4FA8-81A1-7EEF636E8D84}.Debug|Any CPU.Build.0 = Debug|Any CPU
		{1D8A4452-63B8-4FA8-81A1-7EEF636E8D84}.Release|Any CPU.ActiveCfg = Release|Any CPU
		{1D8A4452-63B8-4FA8-81A1-7EEF636E8D84}.Release|Any CPU.Build.0 = Release|Any CPU
		{363B3FBD-1532-418F-AD76-5DB01A48966A}.Debug|Any CPU.ActiveCfg = Debug|Any CPU
		{363B3FBD-1532-418F-AD76-5DB01A48966A}.Debug|Any CPU.Build.0 = Debug|Any CPU
		{363B3FBD-1532-418F-AD76-5DB01A48966A}.Release|Any CPU.ActiveCfg = Release|Any CPU
		{363B3FBD-1532-418F-AD76-5DB01A48966A}.Release|Any CPU.Build.0 = Release|Any CPU
		{AA63A89B-ACC6-44FF-BB3D-70028F968343}.Debug|Any CPU.ActiveCfg = Debug|Any CPU
		{AA63A89B-ACC6-44FF-BB3D-70028F968343}.Debug|Any CPU.Build.0 = Debug|Any CPU
		{AA63A89B-ACC6-44FF-BB3D-70028F968343}.Release|Any CPU.ActiveCfg = Release|Any CPU
		{AA63A89B-ACC6-44FF-BB3D-70028F968343}.Release|Any CPU.Build.0 = Release|Any CPU
	EndGlobalSection
	GlobalSection(SolutionProperties) = preSolution
		HideSolutionNode = FALSE
	EndGlobalSection
	GlobalSection(ExtensibilityGlobals) = postSolution
		SolutionGuid = {775F5FF7-6147-4FED-82CE-273EB1BD266F}
	EndGlobalSection
EndGlobal
